
Microsoft Visual Studio Solution File, Format Version 12.00
# Visual Studio Version 17
VisualStudioVersion = 17.0.31903.59
MinimumVisualStudioVersion = 10.0.40219.1
Project("{FAE04EC0-301F-11D3-BF4B-00C04F79EFBC}") = "GrpcService.Web", "GrpcService\GrpcService.Web.csproj", "{10B66BD3-A730-4B79-8099-43AF115C7410}"
EndProject
Project("{FAE04EC0-301F-11D3-BF4B-00C04F79EFBC}") = "GrpcClient", "GrpcClient\GrpcClient.csproj", "{5A9DB1D7-E022-43FC-9F92-95C03050180E}"
EndProject
Global
	GlobalSection(SolutionConfigurationPlatforms) = preSolution
		Debug|Any CPU = Debug|Any CPU
		Release|Any CPU = Release|Any CPU
	EndGlobalSection
	GlobalSection(SolutionProperties) = preSolution
		HideSolutionNode = FALSE
	EndGlobalSection
	GlobalSection(ProjectConfigurationPlatforms) = postSolution
		{10B66BD3-A730-4B79-8099-43AF115C7410}.Debug|Any CPU.ActiveCfg = Debug|Any CPU
		{10B66BD3-A730-4B79-8099-43AF115C7410}.Debug|Any CPU.Build.0 = Debug|Any CPU
		{10B66BD3-A730-4B79-8099-43AF115C7410}.Release|Any CPU.ActiveCfg = Release|Any CPU
		{10B66BD3-A730-4B79-8099-43AF115C7410}.Release|Any CPU.Build.0 = Release|Any CPU
		{5A9DB1D7-E022-43FC-9F92-95C03050180E}.Debug|Any CPU.ActiveCfg = Debug|Any CPU
		{5A9DB1D7-E022-43FC-9F92-95C03050180E}.Debug|Any CPU.Build.0 = Debug|Any CPU
		{5A9DB1D7-E022-43FC-9F92-95C03050180E}.Release|Any CPU.ActiveCfg = Release|Any CPU
		{5A9DB1D7-E022-43FC-9F92-95C03050180E}.Release|Any CPU.Build.0 = Release|Any CPU
	EndGlobalSection
EndGlobal
